
Microsoft Visual Studio Solution File, Format Version 12.00
# Visual Studio Version 17
VisualStudioVersion = 17.4.32804.182
MinimumVisualStudioVersion = 10.0.40219.1
Project("{FAE04EC0-301F-11D3-BF4B-00C04F79EFBC}") = "Entities", "Entities\Entities.csproj", "{7F0E81DF-AB71-4755-8BF6-23BCDACEB6C3}"
EndProject
Project("{FAE04EC0-301F-11D3-BF4B-00C04F79EFBC}") = "DataAccess", "DataAccess\DataAccess.csproj", "{F418F7DD-7DEC-492B-9CF5-10C6D7D6FE93}"
EndProject
Project("{FAE04EC0-301F-11D3-BF4B-00C04F79EFBC}") = "Business", "Business\Business.csproj", "{165948C2-B96C-4D2E-8472-A88B648CC7AF}"
EndProject
Project("{FAE04EC0-301F-11D3-BF4B-00C04F79EFBC}") = "Core", "Core\Core.csproj", "{DA3E4722-41EC-41FF-A864-7E1BBB6EEC1D}"
EndProject
Global
	GlobalSection(SolutionConfigurationPlatforms) = preSolution
		Debug|Any CPU = Debug|Any CPU
		Release|Any CPU = Release|Any CPU
	EndGlobalSection
	GlobalSection(ProjectConfigurationPlatforms) = postSolution
		{7F0E81DF-AB71-4755-8BF6-23BCDACEB6C3}.Debug|Any CPU.ActiveCfg = Debug|Any CPU
		{7F0E81DF-AB71-4755-8BF6-23BCDACEB6C3}.Debug|Any CPU.Build.0 = Debug|Any CPU
		{7F0E81DF-AB71-4755-8BF6-23BCDACEB6C3}.Release|Any CPU.ActiveCfg = Release|Any CPU
		{7F0E81DF-AB71-4755-8BF6-23BCDACEB6C3}.Release|Any CPU.Build.0 = Release|Any CPU
		{F418F7DD-7DEC-492B-9CF5-10C6D7D6FE93}.Debug|Any CPU.ActiveCfg = Debug|Any CPU
		{F418F7DD-7DEC-492B-9CF5-10C6D7D6FE93}.Debug|Any CPU.Build.0 = Debug|Any CPU
		{F418F7DD-7DEC-492B-9CF5-10C6D7D6FE93}.Release|Any CPU.ActiveCfg = Release|Any CPU
		{F418F7DD-7DEC-492B-9CF5-10C6D7D6FE93}.Release|Any CPU.Build.0 = Release|Any CPU
		{165948C2-B96C-4D2E-8472-A88B648CC7AF}.Debug|Any CPU.ActiveCfg = Debug|Any CPU
		{165948C2-B96C-4D2E-8472-A88B648CC7AF}.Debug|Any CPU.Build.0 = Debug|Any CPU
		{165948C2-B96C-4D2E-8472-A88B648CC7AF}.Release|Any CPU.ActiveCfg = Release|Any CPU
		{165948C2-B96C-4D2E-8472-A88B648CC7AF}.Release|Any CPU.Build.0 = Release|Any CPU
		{DA3E4722-41EC-41FF-A864-7E1BBB6EEC1D}.Debug|Any CPU.ActiveCfg = Debug|Any CPU
		{DA3E4722-41EC-41FF-A864-7E1BBB6EEC1D}.Debug|Any CPU.Build.0 = Debug|Any CPU
		{DA3E4722-41EC-41FF-A864-7E1BBB6EEC1D}.Release|Any CPU.ActiveCfg = Release|Any CPU
		{DA3E4722-41EC-41FF-A864-7E1BBB6EEC1D}.Release|Any CPU.Build.0 = Release|Any CPU
	EndGlobalSection
	GlobalSection(SolutionProperties) = preSolution
		HideSolutionNode = FALSE
	EndGlobalSection
	GlobalSection(ExtensibilityGlobals) = postSolution
		SolutionGuid = {DB3F4E06-CC76-4F06-9039-A0F1A060A05E}
	EndGlobalSection
EndGlobal
